
Microsoft Visual Studio Solution File, Format Version 12.00
# Visual Studio Version 16
VisualStudioVersion = 16.0.30128.74
MinimumVisualStudioVersion = 10.0.40219.1
Project("{9A19103F-16F7-4668-BE54-9A1E7A4F7556}") = "Larram", "Larram\Larram.csproj", "{0DC44D35-7010-40D0-8950-2071F64584A7}"
EndProject
Project("{9A19103F-16F7-4668-BE54-9A1E7A4F7556}") = "Larram.DataAccess", "Larram.DataAccess\Larram.DataAccess.csproj", "{FA7388FF-975C-4F3F-89C8-992CC0DB0BDD}"
EndProject
Project("{9A19103F-16F7-4668-BE54-9A1E7A4F7556}") = "Larram.Models", "Larram.Models\Larram.Models.csproj", "{348D82B4-CCAE-4173-8239-6FC128207BA8}"
EndProject
Project("{9A19103F-16F7-4668-BE54-9A1E7A4F7556}") = "Larram.Utility", "Larram.Utility\Larram.Utility.csproj", "{E716F106-C74F-4453-8405-7F0AB1FD7DA6}"
EndProject
Global
	GlobalSection(SolutionConfigurationPlatforms) = preSolution
		Debug|Any CPU = Debug|Any CPU
		Release|Any CPU = Release|Any CPU
	EndGlobalSection
	GlobalSection(ProjectConfigurationPlatforms) = postSolution
		{0DC44D35-7010-40D0-8950-2071F64584A7}.Debug|Any CPU.ActiveCfg = Debug|Any CPU
		{0DC44D35-7010-40D0-8950-2071F64584A7}.Debug|Any CPU.Build.0 = Debug|Any CPU
		{0DC44D35-7010-40D0-8950-2071F64584A7}.Release|Any CPU.ActiveCfg = Release|Any CPU
		{0DC44D35-7010-40D0-8950-2071F64584A7}.Release|Any CPU.Build.0 = Release|Any CPU
		{FA7388FF-975C-4F3F-89C8-992CC0DB0BDD}.Debug|Any CPU.ActiveCfg = Debug|Any CPU
		{FA7388FF-975C-4F3F-89C8-992CC0DB0BDD}.Debug|Any CPU.Build.0 = Debug|Any CPU
		{FA7388FF-975C-4F3F-89C8-992CC0DB0BDD}.Release|Any CPU.ActiveCfg = Release|Any CPU
		{FA7388FF-975C-4F3F-89C8-992CC0DB0BDD}.Release|Any CPU.Build.0 = Release|Any CPU
		{348D82B4-CCAE-4173-8239-6FC128207BA8}.Debug|Any CPU.ActiveCfg = Debug|Any CPU
		{348D82B4-CCAE-4173-8239-6FC128207BA8}.Debug|Any CPU.Build.0 = Debug|Any CPU
		{348D82B4-CCAE-4173-8239-6FC128207BA8}.Release|Any CPU.ActiveCfg = Release|Any CPU
		{348D82B4-CCAE-4173-8239-6FC128207BA8}.Release|Any CPU.Build.0 = Release|Any CPU
		{E716F106-C74F-4453-8405-7F0AB1FD7DA6}.Debug|Any CPU.ActiveCfg = Debug|Any CPU
		{E716F106-C74F-4453-8405-7F0AB1FD7DA6}.Debug|Any CPU.Build.0 = Debug|Any CPU
		{E716F106-C74F-4453-8405-7F0AB1FD7DA6}.Release|Any CPU.ActiveCfg = Release|Any CPU
		{E716F106-C74F-4453-8405-7F0AB1FD7DA6}.Release|Any CPU.Build.0 = Release|Any CPU
	EndGlobalSection
	GlobalSection(SolutionProperties) = preSolution
		HideSolutionNode = FALSE
	EndGlobalSection
	GlobalSection(ExtensibilityGlobals) = postSolution
		SolutionGuid = {7194ACC7-C86F-4935-B666-8573AE555DA9}
	EndGlobalSection
EndGlobal
